
Microsoft Visual Studio Solution File, Format Version 12.00
# Visual Studio 14
VisualStudioVersion = 14.0.25420.1
MinimumVisualStudioVersion = 10.0.40219.1
Project("{8BC9CEB8-8B4A-11D0-8D11-00A0C91BC942}") = "CLR提权", "CLR提权\CLR提权.vcxproj", "{FED84D37-8A97-4F88-B500-EE54660B22F2}"
EndProject
Project("{8BC9CEB8-8B4A-11D0-8D11-00A0C91BC942}") = "test", "test\test.vcxproj", "{57B95095-391A-4C64-9B7D-0B46FBA71627}"
EndProject
Project("{8BC9CEB8-8B4A-11D0-8D11-00A0C91BC942}") = "dll劫持", "dll劫持\dll劫持.vcxproj", "{706DEF38-0AA1-45E4-B60B-E45C2A872ADD}"
EndProject
Project("{FAE04EC0-301F-11D3-BF4B-00C04F79EFBC}") = "CLSID", "CLSID\CLSID.csproj", "{4AC92958-960B-4902-A41D-1B16FE9D03A8}"
EndProject
Project("{8BC9CEB8-8B4A-11D0-8D11-00A0C91BC942}") = "COM接口_1", "COM接口_1\COM接口_1.vcxproj", "{B53750F0-25B6-4FA1-8258-2C9F64348995}"
EndProject
Project("{8BC9CEB8-8B4A-11D0-8D11-00A0C91BC942}") = "COM接口_2", "COM接口_2\COM接口_2.vcxproj", "{B38E2765-F909-458E-BA67-3CAAB2721E82}"
EndProject
Project("{8BC9CEB8-8B4A-11D0-8D11-00A0C91BC942}") = "com_dll", "com_dll\com_dll.vcxproj", "{CE5103BE-95C2-45BE-A30B-E19F4AC10344}"
EndProject
Global
	GlobalSection(SolutionConfigurationPlatforms) = preSolution
		Debug|Any CPU = Debug|Any CPU
		Debug|x64 = Debug|x64
		Debug|x86 = Debug|x86
		Release|Any CPU = Release|Any CPU
		Release|x64 = Release|x64
		Release|x86 = Release|x86
	EndGlobalSection
	GlobalSection(ProjectConfigurationPlatforms) = postSolution
		{FED84D37-8A97-4F88-B500-EE54660B22F2}.Debug|Any CPU.ActiveCfg = Debug|Win32
		{FED84D37-8A97-4F88-B500-EE54660B22F2}.Debug|x64.ActiveCfg = Debug|x64
		{FED84D37-8A97-4F88-B500-EE54660B22F2}.Debug|x64.Build.0 = Debug|x64
		{FED84D37-8A97-4F88-B500-EE54660B22F2}.Debug|x86.ActiveCfg = Debug|Win32
		{FED84D37-8A97-4F88-B500-EE54660B22F2}.Debug|x86.Build.0 = Debug|Win32
		{FED84D37-8A97-4F88-B500-EE54660B22F2}.Release|Any CPU.ActiveCfg = Release|Win32
		{FED84D37-8A97-4F88-B500-EE54660B22F2}.Release|x64.ActiveCfg = Release|x64
		{FED84D37-8A97-4F88-B500-EE54660B22F2}.Release|x64.Build.0 = Release|x64
		{FED84D37-8A97-4F88-B500-EE54660B22F2}.Release|x86.ActiveCfg = Release|Win32
		{FED84D37-8A97-4F88-B500-EE54660B22F2}.Release|x86.Build.0 = Release|Win32
		{57B95095-391A-4C64-9B7D-0B46FBA71627}.Debug|Any CPU.ActiveCfg = Debug|Win32
		{57B95095-391A-4C64-9B7D-0B46FBA71627}.Debug|x64.ActiveCfg = Debug|x64
		{57B95095-391A-4C64-9B7D-0B46FBA71627}.Debug|x64.Build.0 = Debug|x64
		{57B95095-391A-4C64-9B7D-0B46FBA71627}.Debug|x86.ActiveCfg = Debug|Win32
		{57B95095-391A-4C64-9B7D-0B46FBA71627}.Debug|x86.Build.0 = Debug|Win32
		{57B95095-391A-4C64-9B7D-0B46FBA71627}.Release|Any CPU.ActiveCfg = Release|Win32
		{57B95095-391A-4C64-9B7D-0B46FBA71627}.Release|x64.ActiveCfg = Release|x64
		{57B95095-391A-4C64-9B7D-0B46FBA71627}.Release|x64.Build.0 = Release|x64
		{57B95095-391A-4C64-9B7D-0B46FBA71627}.Release|x86.ActiveCfg = Release|Win32
		{57B95095-391A-4C64-9B7D-0B46FBA71627}.Release|x86.Build.0 = Release|Win32
		{706DEF38-0AA1-45E4-B60B-E45C2A872ADD}.Debug|Any CPU.ActiveCfg = Debug|Win32
		{706DEF38-0AA1-45E4-B60B-E45C2A872ADD}.Debug|x64.ActiveCfg = Debug|x64
		{706DEF38-0AA1-45E4-B60B-E45C2A872ADD}.Debug|x64.Build.0 = Debug|x64
		{706DEF38-0AA1-45E4-B60B-E45C2A872ADD}.Debug|x86.ActiveCfg = Debug|Win32
		{706DEF38-0AA1-45E4-B60B-E45C2A872ADD}.Debug|x86.Build.0 = Debug|Win32
		{706DEF38-0AA1-45E4-B60B-E45C2A872ADD}.Release|Any CPU.ActiveCfg = Release|Win32
		{706DEF38-0AA1-45E4-B60B-E45C2A872ADD}.Release|x64.ActiveCfg = Release|x64
		{706DEF38-0AA1-45E4-B60B-E45C2A872ADD}.Release|x64.Build.0 = Release|x64
		{706DEF38-0AA1-45E4-B60B-E45C2A872ADD}.Release|x86.ActiveCfg = Release|Win32
		{706DEF38-0AA1-45E4-B60B-E45C2A872ADD}.Release|x86.Build.0 = Release|Win32
		{4AC92958-960B-4902-A41D-1B16FE9D03A8}.Debug|Any CPU.ActiveCfg = Debug|Any CPU
		{4AC92958-960B-4902-A41D-1B16FE9D03A8}.Debug|Any CPU.Build.0 = Debug|Any CPU
		{4AC92958-960B-4902-A41D-1B16FE9D03A8}.Debug|x64.ActiveCfg = Debug|Any CPU
		{4AC92958-960B-4902-A41D-1B16FE9D03A8}.Debug|x64.Build.0 = Debug|Any CPU
		{4AC92958-960B-4902-A41D-1B16FE9D03A8}.Debug|x86.ActiveCfg = Debug|Any CPU
		{4AC92958-960B-4902-A41D-1B16FE9D03A8}.Debug|x86.Build.0 = Debug|Any CPU
		{4AC92958-960B-4902-A41D-1B16FE9D03A8}.Release|Any CPU.ActiveCfg = Release|Any CPU
		{4AC92958-960B-4902-A41D-1B16FE9D03A8}.Release|Any CPU.Build.0 = Release|Any CPU
		{4AC92958-960B-4902-A41D-1B16FE9D03A8}.Release|x64.ActiveCfg = Release|Any CPU
		{4AC92958-960B-4902-A41D-1B16FE9D03A8}.Release|x64.Build.0 = Release|Any CPU
		{4AC92958-960B-4902-A41D-1B16FE9D03A8}.Release|x86.ActiveCfg = Release|Any CPU
		{4AC92958-960B-4902-A41D-1B16FE9D03A8}.Release|x86.Build.0 = Release|Any CPU
		{B53750F0-25B6-4FA1-8258-2C9F64348995}.Debug|Any CPU.ActiveCfg = Debug|Win32
		{B53750F0-25B6-4FA1-8258-2C9F64348995}.Debug|x64.ActiveCfg = Debug|x64
		{B53750F0-25B6-4FA1-8258-2C9F64348995}.Debug|x64.Build.0 = Debug|x64
		{B53750F0-25B6-4FA1-8258-2C9F64348995}.Debug|x86.ActiveCfg = Debug|Win32
		{B53750F0-25B6-4FA1-8258-2C9F64348995}.Debug|x86.Build.0 = Debug|Win32
		{B53750F0-25B6-4FA1-8258-2C9F64348995}.Release|Any CPU.ActiveCfg = Release|Win32
		{B53750F0-25B6-4FA1-8258-2C9F64348995}.Release|x64.ActiveCfg = Release|x64
		{B53750F0-25B6-4FA1-8258-2C9F64348995}.Release|x64.Build.0 = Release|x64
		{B53750F0-25B6-4FA1-8258-2C9F64348995}.Release|x86.ActiveCfg = Release|Win32
		{B53750F0-25B6-4FA1-8258-2C9F64348995}.Release|x86.Build.0 = Release|Win32
		{B38E2765-F909-458E-BA67-3CAAB2721E82}.Debug|Any CPU.ActiveCfg = Debug|Win32
		{B38E2765-F909-458E-BA67-3CAAB2721E82}.Debug|x64.ActiveCfg = Debug|x64
		{B38E2765-F909-458E-BA67-3CAAB2721E82}.Debug|x64.Build.0 = Debug|x64
		{B38E2765-F909-458E-BA67-3CAAB2721E82}.Debug|x86.ActiveCfg = Debug|Win32
		{B38E2765-F909-458E-BA67-3CAAB2721E82}.Debug|x86.Build.0 = Debug|Win32
		{B38E2765-F909-458E-BA67-3CAAB2721E82}.Release|Any CPU.ActiveCfg = Release|Win32
		{B38E2765-F909-458E-BA67-3CAAB2721E82}.Release|x64.ActiveCfg = Release|x64
		{B38E2765-F909-458E-BA67-3CAAB2721E82}.Release|x64.Build.0 = Release|x64
		{B38E2765-F909-458E-BA67-3CAAB2721E82}.Release|x86.ActiveCfg = Release|Win32
		{B38E2765-F909-458E-BA67-3CAAB2721E82}.Release|x86.Build.0 = Release|Win32
		{CE5103BE-95C2-45BE-A30B-E19F4AC10344}.Debug|Any CPU.ActiveCfg = Debug|Win32
		{CE5103BE-95C2-45BE-A30B-E19F4AC10344}.Debug|x64.ActiveCfg = Debug|x64
		{CE5103BE-95C2-45BE-A30B-E19F4AC10344}.Debug|x64.Build.0 = Debug|x64
		{CE5103BE-95C2-45BE-A30B-E19F4AC10344}.Debug|x86.ActiveCfg = Debug|Win32
		{CE5103BE-95C2-45BE-A30B-E19F4AC10344}.Debug|x86.Build.0 = Debug|Win32
		{CE5103BE-95C2-45BE-A30B-E19F4AC10344}.Release|Any CPU.ActiveCfg = Release|Win32
		{CE5103BE-95C2-45BE-A30B-E19F4AC10344}.Release|x64.ActiveCfg = Release|x64
		{CE5103BE-95C2-45BE-A30B-E19F4AC10344}.Release|x64.Build.0 = Release|x64
		{CE5103BE-95C2-45BE-A30B-E19F4AC10344}.Release|x86.ActiveCfg = Release|Win32
		{CE5103BE-95C2-45BE-A30B-E19F4AC10344}.Release|x86.Build.0 = Release|Win32
	EndGlobalSection
	GlobalSection(SolutionProperties) = preSolution
		HideSolutionNode = FALSE
	EndGlobalSection
EndGlobal
